
Microsoft Visual Studio Solution File, Format Version 12.00
# Visual Studio Version 16
VisualStudioVersion = 16.0.29728.190
MinimumVisualStudioVersion = 10.0.40219.1
Project("{FAE04EC0-301F-11D3-BF4B-00C04F79EFBC}") = "CitaMedica", "CitaMedica\CitaMedica.csproj", "{C6ED9537-0908-4E00-9F44-3D70C40AC4FC}"
EndProject
Global
	GlobalSection(SolutionConfigurationPlatforms) = preSolution
		Debug|Any CPU = Debug|Any CPU
		Release|Any CPU = Release|Any CPU
	EndGlobalSection
	GlobalSection(ProjectConfigurationPlatforms) = postSolution
		{C6ED9537-0908-4E00-9F44-3D70C40AC4FC}.Debug|Any CPU.ActiveCfg = Debug|Any CPU
		{C6ED9537-0908-4E00-9F44-3D70C40AC4FC}.Debug|Any CPU.Build.0 = Debug|Any CPU
		{C6ED9537-0908-4E00-9F44-3D70C40AC4FC}.Release|Any CPU.ActiveCfg = Release|Any CPU
		{C6ED9537-0908-4E00-9F44-3D70C40AC4FC}.Release|Any CPU.Build.0 = Release|Any CPU
	EndGlobalSection
	GlobalSection(SolutionProperties) = preSolution
		HideSolutionNode = FALSE
	EndGlobalSection
	GlobalSection(ExtensibilityGlobals) = postSolution
		SolutionGuid = {15F0F39A-0AA8-48C4-AE02-DE69E2F0F5D2}
	EndGlobalSection
EndGlobal
